
Microsoft Visual Studio Solution File, Format Version 12.00
# Visual Studio 15
VisualStudioVersion = 15.0.28010.2050
MinimumVisualStudioVersion = 10.0.40219.1
Project("{9A19103F-16F7-4668-BE54-9A1E7A4F7556}") = "FeedbackPortal.API", "FeedbackPortal.API.csproj", "{B3649C0F-BC0E-441D-8656-BF9DE568B3B7}"
EndProject
Global
	GlobalSection(SolutionConfigurationPlatforms) = preSolution
		Debug|Any CPU = Debug|Any CPU
		Release|Any CPU = Release|Any CPU
	EndGlobalSection
	GlobalSection(ProjectConfigurationPlatforms) = postSolution
		{B3649C0F-BC0E-441D-8656-BF9DE568B3B7}.Debug|Any CPU.ActiveCfg = Debug|Any CPU
		{B3649C0F-BC0E-441D-8656-BF9DE568B3B7}.Debug|Any CPU.Build.0 = Debug|Any CPU
		{B3649C0F-BC0E-441D-8656-BF9DE568B3B7}.Release|Any CPU.ActiveCfg = Release|Any CPU
		{B3649C0F-BC0E-441D-8656-BF9DE568B3B7}.Release|Any CPU.Build.0 = Release|Any CPU
	EndGlobalSection
	GlobalSection(SolutionProperties) = preSolution
		HideSolutionNode = FALSE
	EndGlobalSection
	GlobalSection(ExtensibilityGlobals) = postSolution
		SolutionGuid = {AF991E5D-956D-411B-BC79-1B34FAF6C277}
	EndGlobalSection
EndGlobal
